// !$*UTF8*$!
{
	archiveVersion = 1;
	classes = {
	};
	objectVersion = 56;
	objects = {

/* Begin PBXBuildFile section */
		3C643EA02AB8666900DE33EE /* main.cpp in Sources */ = {isa = PBXBuildFile; fileRef = 3C643E9F2AB8666900DE33EE /* main.cpp */; };
		3CCB4AD42ACD8E6D0065748B /* Gamedata.cpp in Sources */ = {isa = PBXBuildFile; fileRef = 3CCB4AD32ACD8E6D0065748B /* Gamedata.cpp */; };
		3CCB4AD62ACD8EF80065748B /* Engine.cpp in Sources */ = {isa = PBXBuildFile; fileRef = 3CCB4AD52ACD8EF80065748B /* Engine.cpp */; };
		3CCB4AD82ACD8F310065748B /* Map.cpp in Sources */ = {isa = PBXBuildFile; fileRef = 3CCB4AD72ACD8F310065748B /* Map.cpp */; };
		3CCB4ADA2ACD8F9E0065748B /* Snake.cpp in Sources */ = {isa = PBXBuildFile; fileRef = 3CCB4AD92ACD8F9E0065748B /* Snake.cpp */; };
/* End PBXBuildFile section */

/* Begin PBXCopyFilesBuildPhase section */
		3C643E9A2AB8666900DE33EE /* CopyFiles */ = {
			isa = PBXCopyFilesBuildPhase;
			buildActionMask = 2147483647;
			dstPath = /usr/share/man/man1/;
			dstSubfolderSpec = 0;
			files = (
			);
			runOnlyForDeploymentPostprocessing = 1;
		};
/* End PBXCopyFilesBuildPhase section */

/* Begin PBXFileReference section */
		3C643E9C2AB8666900DE33EE /* Snake Game */ = {isa = PBXFileReference; explicitFileType = "compiled.mach-o.executable"; includeInIndex = 0; path = "Snake Game"; sourceTree = BUILT_PRODUCTS_DIR; };
		3C643E9F2AB8666900DE33EE /* main.cpp */ = {isa = PBXFileReference; lastKnownFileType = sourcecode.cpp.cpp; path = main.cpp; sourceTree = "<group>"; };
		3C643EA72AB8669000DE33EE /* GameData.hpp */ = {isa = PBXFileReference; lastKnownFileType = sourcecode.cpp.h; path = GameData.hpp; sourceTree = "<group>"; };
		3CCB4ABF2ACD7FDE0065748B /* Engine.hpp */ = {isa = PBXFileReference; lastKnownFileType = sourcecode.cpp.h; path = Engine.hpp; sourceTree = "<group>"; };
		3CCB4AC22ACD805A0065748B /* Map.hpp */ = {isa = PBXFileReference; lastKnownFileType = sourcecode.cpp.h; path = Map.hpp; sourceTree = "<group>"; };
		3CCB4AC52ACD806A0065748B /* Snake.hpp */ = {isa = PBXFileReference; lastKnownFileType = sourcecode.cpp.h; path = Snake.hpp; sourceTree = "<group>"; };
		3CCB4AC92ACD8CC40065748B /* Makefile.win */ = {isa = PBXFileReference; fileEncoding = 4; lastKnownFileType = text; path = Makefile.win; sourceTree = "<group>"; };
		3CCB4AD32ACD8E6D0065748B /* Gamedata.cpp */ = {isa = PBXFileReference; lastKnownFileType = sourcecode.cpp.cpp; path = Gamedata.cpp; sourceTree = "<group>"; };
		3CCB4AD52ACD8EF80065748B /* Engine.cpp */ = {isa = PBXFileReference; lastKnownFileType = sourcecode.cpp.cpp; path = Engine.cpp; sourceTree = "<group>"; };
		3CCB4AD72ACD8F310065748B /* Map.cpp */ = {isa = PBXFileReference; lastKnownFileType = sourcecode.cpp.cpp; path = Map.cpp; sourceTree = "<group>"; };
		3CCB4AD92ACD8F9E0065748B /* Snake.cpp */ = {isa = PBXFileReference; lastKnownFileType = sourcecode.cpp.cpp; path = Snake.cpp; sourceTree = "<group>"; };
/* End PBXFileReference section */

/* Begin PBXFrameworksBuildPhase section */
		3C643E992AB8666900DE33EE /* Frameworks */ = {
			isa = PBXFrameworksBuildPhase;
			buildActionMask = 2147483647;
			files = (
			);
			runOnlyForDeploymentPostprocessing = 0;
		};
/* End PBXFrameworksBuildPhase section */

/* Begin PBXGroup section */
		3C643E932AB8666900DE33EE = {
			isa = PBXGroup;
			children = (
				3C643E9E2AB8666900DE33EE /* Snake Game */,
				3C643E9D2AB8666900DE33EE /* Products */,
			);
			sourceTree = "<group>";
		};
		3C643E9D2AB8666900DE33EE /* Products */ = {
			isa = PBXGroup;
			children = (
				3C643E9C2AB8666900DE33EE /* Snake Game */,
			);
			name = Products;
			sourceTree = "<group>";
		};
		3C643E9E2AB8666900DE33EE /* Snake Game */ = {
			isa = PBXGroup;
			children = (
				3C643E9F2AB8666900DE33EE /* main.cpp */,
				3C643EA72AB8669000DE33EE /* GameData.hpp */,
				3CCB4AD32ACD8E6D0065748B /* Gamedata.cpp */,
				3CCB4ABF2ACD7FDE0065748B /* Engine.hpp */,
				3CCB4AD52ACD8EF80065748B /* Engine.cpp */,
				3CCB4AC22ACD805A0065748B /* Map.hpp */,
				3CCB4AD72ACD8F310065748B /* Map.cpp */,
				3CCB4AC52ACD806A0065748B /* Snake.hpp */,
				3CCB4AD92ACD8F9E0065748B /* Snake.cpp */,
				3CCB4AC92ACD8CC40065748B /* Makefile.win */,
			);
			path = "Snake Game";
			sourceTree = "<group>";
		};
/* End PBXGroup section */

/* Begin PBXNativeTarget section */
		3C643E9B2AB8666900DE33EE /* Snake Game */ = {
			isa = PBXNativeTarget;
			buildConfigurationList = 3C643EA32AB8666900DE33EE /* Build configuration list for PBXNativeTarget "Snake Game" */;
			buildPhases = (
				3C643E982AB8666900DE33EE /* Sources */,
				3C643E992AB8666900DE33EE /* Frameworks */,
				3C643E9A2AB8666900DE33EE /* CopyFiles */,
			);
			buildRules = (
			);
			dependencies = (
			);
			name = "Snake Game";
			productName = "Snake Game";
			productReference = 3C643E9C2AB8666900DE33EE /* Snake Game */;
			productType = "com.apple.product-type.tool";
		};
/* End PBXNativeTarget section */

/* Begin PBXProject section */
		3C643E942AB8666900DE33EE /* Project object */ = {
			isa = PBXProject;
			attributes = {
				BuildIndependentTargetsInParallel = 1;
				LastUpgradeCheck = 1420;
				TargetAttributes = {
					3C643E9B2AB8666900DE33EE = {
						CreatedOnToolsVersion = 14.2;
					};
				};
			};
			buildConfigurationList = 3C643E972AB8666900DE33EE /* Build configuration list for PBXProject "Snake Game" */;
			compatibilityVersion = "Xcode 14.0";
			developmentRegion = en;
			hasScannedForEncodings = 0;
			knownRegions = (
				en,
				Base,
			);
			mainGroup = 3C643E932AB8666900DE33EE;
			productRefGroup = 3C643E9D2AB8666900DE33EE /* Products */;
			projectDirPath = "";
			projectRoot = "";
			targets = (
				3C643E9B2AB8666900DE33EE /* Snake Game */,
			);
		};
/* End PBXProject section */

/* Begin PBXSourcesBuildPhase section */
		3C643E982AB8666900DE33EE /* Sources */ = {
			isa = PBXSourcesBuildPhase;
			buildActionMask = 2147483647;
			files = (
				3CCB4ADA2ACD8F9E0065748B /* Snake.cpp in Sources */,
				3C643EA02AB8666900DE33EE /* main.cpp in Sources */,
				3CCB4AD62ACD8EF80065748B /* Engine.cpp in Sources */,
				3CCB4AD82ACD8F310065748B /* Map.cpp in Sources */,
				3CCB4AD42ACD8E6D0065748B /* Gamedata.cpp in Sources */,
			);
			runOnlyForDeploymentPostprocessing = 0;
		};
/* End PBXSourcesBuildPhase section */

/* Begin XCBuildConfiguration section */
		3C643EA12AB8666900DE33EE /* Debug */ = {
			isa = XCBuildConfiguration;
			buildSettings = {
				ALWAYS_SEARCH_USER_PATHS = NO;
				CLANG_ANALYZER_NONNULL = YES;
				CLANG_ANALYZER_NUMBER_OBJECT_CONVERSION = YES_AGGRESSIVE;
				CLANG_CXX_LANGUAGE_STANDARD = "gnu++20";
				CLANG_ENABLE_MODULES = YES;
				CLANG_ENABLE_OBJC_ARC = YES;
				CLANG_ENABLE_OBJC_WEAK = YES;
				CLANG_WARN_BLOCK_CAPTURE_AUTORELEASING = YES;
				CLANG_WARN_BOOL_CONVERSION = YES;
				CLANG_WARN_COMMA = YES;
				CLANG_WARN_CONSTANT_CONVERSION = YES;
				CLANG_WARN_DEPRECATED_OBJC_IMPLEMENTATIONS = YES;
				CLANG_WARN_DIRECT_OBJC_ISA_USAGE = YES_ERROR;
				CLANG_WARN_DOCUMENTATION_COMMENTS = YES;
				CLANG_WARN_EMPTY_BODY = YES;
				CLANG_WARN_ENUM_CONVERSION = YES;
				CLANG_WARN_INFINITE_RECURSION = YES;
				CLANG_WARN_INT_CONVERSION = YES;
				CLANG_WARN_NON_LITERAL_NULL_CONVERSION = YES;
				CLANG_WARN_OBJC_IMPLICIT_RETAIN_SELF = YES;
				CLANG_WARN_OBJC_LITERAL_CONVERSION = YES;
				CLANG_WARN_OBJC_ROOT_CLASS = YES_ERROR;
				CLANG_WARN_QUOTED_INCLUDE_IN_FRAMEWORK_HEADER = YES;
				CLANG_WARN_RANGE_LOOP_ANALYSIS = YES;
				CLANG_WARN_STRICT_PROTOTYPES = YES;
				CLANG_WARN_SUSPICIOUS_MOVE = YES;
				CLANG_WARN_UNGUARDED_AVAILABILITY = YES_AGGRESSIVE;
				CLANG_WARN_UNREACHABLE_CODE = YES;
				CLANG_WARN__DUPLICATE_METHOD_MATCH = YES;
				COPY_PHASE_STRIP = NO;
				DEBUG_INFORMATION_FORMAT = dwarf;
				ENABLE_STRICT_OBJC_MSGSEND = YES;
				ENABLE_TESTABILITY = YES;
				GCC_C_LANGUAGE_STANDARD = gnu11;
				GCC_DYNAMIC_NO_PIC = NO;
				GCC_NO_COMMON_BLOCKS = YES;
				GCC_OPTIMIZATION_LEVEL = 0;
				GCC_PREPROCESSOR_DEFINITIONS = (
					"DEBUG=1",
					"$(inherited)",
				);
				GCC_WARN_64_TO_32_BIT_CONVERSION = YES;
				GCC_WARN_ABOUT_RETURN_TYPE = YES_ERROR;
				GCC_WARN_UNDECLARED_SELECTOR = YES;
				GCC_WARN_UNINITIALIZED_AUTOS = YES_AGGRESSIVE;
				GCC_WARN_UNUSED_FUNCTION = YES;
				GCC_WARN_UNUSED_VARIABLE = YES;
				MACOSX_DEPLOYMENT_TARGET = 12.6;
				MTL_ENABLE_DEBUG_INFO = INCLUDE_SOURCE;
				MTL_FAST_MATH = YES;
				ONLY_ACTIVE_ARCH = YES;
				SDKROOT = macosx;
			};
			name = Debug;
		};
		3C643EA22AB8666900DE33EE /* Release */ = {
			isa = XCBuildConfiguration;
			buildSettings = {
				ALWAYS_SEARCH_USER_PATHS = NO;
				CLANG_ANALYZER_NONNULL = YES;
				CLANG_ANALYZER_NUMBER_OBJECT_CONVERSION = YES_AGGRESSIVE;
				CLANG_CXX_LANGUAGE_STANDARD = "gnu++20";
				CLANG_ENABLE_MODULES = YES;
				CLANG_ENABLE_OBJC_ARC = YES;
				CLANG_ENABLE_OBJC_WEAK = YES;
				CLANG_WARN_BLOCK_CAPTURE_AUTORELEASING = YES;
				CLANG_WARN_BOOL_CONVERSION = YES;
				CLANG_WARN_COMMA = YES;
				CLANG_WARN_CONSTANT_CONVERSION = YES;
				CLANG_WARN_DEPRECATED_OBJC_IMPLEMENTATIONS = YES;
				CLANG_WARN_DIRECT_OBJC_ISA_USAGE = YES_ERROR;
				CLANG_WARN_DOCUMENTATION_COMMENTS = YES;
				CLANG_WARN_EMPTY_BODY = YES;
				CLANG_WARN_ENUM_CONVERSION = YES;
				CLANG_WARN_INFINITE_RECURSION = YES;
				CLANG_WARN_INT_CONVERSION = YES;
				CLANG_WARN_NON_LITERAL_NULL_CONVERSION = YES;
				CLANG_WARN_OBJC_IMPLICIT_RETAIN_SELF = YES;
				CLANG_WARN_OBJC_LITERAL_CONVERSION = YES;
				CLANG_WARN_OBJC_ROOT_CLASS = YES_ERROR;
				CLANG_WARN_QUOTED_INCLUDE_IN_FRAMEWORK_HEADER = YES;
				CLANG_WARN_RANGE_LOOP_ANALYSIS = YES;
				CLANG_WARN_STRICT_PROTOTYPES = YES;
				CLANG_WARN_SUSPICIOUS_MOVE = YES;
				CLANG_WARN_UNGUARDED_AVAILABILITY = YES_AGGRESSIVE;
				CLANG_WARN_UNREACHABLE_CODE = YES;
				CLANG_WARN__DUPLICATE_METHOD_MATCH = YES;
				COPY_PHASE_STRIP = NO;
				DEBUG_INFORMATION_FORMAT = "dwarf-with-dsym";
				ENABLE_NS_ASSERTIONS = NO;
				ENABLE_STRICT_OBJC_MSGSEND = YES;
				GCC_C_LANGUAGE_STANDARD = gnu11;
				GCC_NO_COMMON_BLOCKS = YES;
				GCC_WARN_64_TO_32_BIT_CONVERSION = YES;
				GCC_WARN_ABOUT_RETURN_TYPE = YES_ERROR;
				GCC_WARN_UNDECLARED_SELECTOR = YES;
				GCC_WARN_UNINITIALIZED_AUTOS = YES_AGGRESSIVE;
				GCC_WARN_UNUSED_FUNCTION = YES;
				GCC_WARN_UNUSED_VARIABLE = YES;
				MACOSX_DEPLOYMENT_TARGET = 12.6;
				MTL_ENABLE_DEBUG_INFO = NO;
				MTL_FAST_MATH = YES;
				SDKROOT = macosx;
			};
			name = Release;
		};
		3C643EA42AB8666900DE33EE /* Debug */ = {
			isa = XCBuildConfiguration;
			buildSettings = {
				CODE_SIGN_STYLE = Automatic;
				PRODUCT_NAME = "$(TARGET_NAME)";
			};
			name = Debug;
		};
		3C643EA52AB8666900DE33EE /* Release */ = {
			isa = XCBuildConfiguration;
			buildSettings = {
				CODE_SIGN_STYLE = Automatic;
				PRODUCT_NAME = "$(TARGET_NAME)";
			};
			name = Release;
		};
/* End XCBuildConfiguration section */

/* Begin XCConfigurationList section */
		3C643E972AB8666900DE33EE /* Build configuration list for PBXProject "Snake Game" */ = {
			isa = XCConfigurationList;
			buildConfigurations = (
				3C643EA12AB8666900DE33EE /* Debug */,
				3C643EA22AB8666900DE33EE /* Release */,
			);
			defaultConfigurationIsVisible = 0;
			defaultConfigurationName = Release;
		};
		3C643EA32AB8666900DE33EE /* Build configuration list for PBXNativeTarget "Snake Game" */ = {
			isa = XCConfigurationList;
			buildConfigurations = (
				3C643EA42AB8666900DE33EE /* Debug */,
				3C643EA52AB8666900DE33EE /* Release */,
			);
			defaultConfigurationIsVisible = 0;
			defaultConfigurationName = Release;
		};
/* End XCConfigurationList section */
	};
	rootObject = 3C643E942AB8666900DE33EE /* Project object */;
}
